
Microsoft Visual Studio Solution File, Format Version 12.00
# Visual Studio Version 17
VisualStudioVersion = 17.11.35219.272
MinimumVisualStudioVersion = 10.0.40219.1
Project("{FAE04EC0-301F-11D3-BF4B-00C04F79EFBC}") = "Calcular area circulo", "Calcular area circulo\Calcular area circulo.csproj", "{28F517D1-4865-4AF2-9B59-1AAF41C2B5DF}"
EndProject
Global
	GlobalSection(SolutionConfigurationPlatforms) = preSolution
		Debug|Any CPU = Debug|Any CPU
		Release|Any CPU = Release|Any CPU
	EndGlobalSection
	GlobalSection(ProjectConfigurationPlatforms) = postSolution
		{28F517D1-4865-4AF2-9B59-1AAF41C2B5DF}.Debug|Any CPU.ActiveCfg = Debug|Any CPU
		{28F517D1-4865-4AF2-9B59-1AAF41C2B5DF}.Debug|Any CPU.Build.0 = Debug|Any CPU
		{28F517D1-4865-4AF2-9B59-1AAF41C2B5DF}.Release|Any CPU.ActiveCfg = Release|Any CPU
		{28F517D1-4865-4AF2-9B59-1AAF41C2B5DF}.Release|Any CPU.Build.0 = Release|Any CPU
	EndGlobalSection
	GlobalSection(SolutionProperties) = preSolution
		HideSolutionNode = FALSE
	EndGlobalSection
	GlobalSection(ExtensibilityGlobals) = postSolution
		SolutionGuid = {75C28611-B237-4580-8F01-495D8C0BA29C}
	EndGlobalSection
EndGlobal
