
Microsoft Visual Studio Solution File, Format Version 12.00
# Visual Studio Version 17
VisualStudioVersion = 17.11.35219.272
MinimumVisualStudioVersion = 10.0.40219.1
Project("{FAE04EC0-301F-11D3-BF4B-00C04F79EFBC}") = "Calcular cubo", "Calcular cubo\Calcular cubo.csproj", "{EDC39804-E09C-4831-9112-C99FA65C3DCC}"
EndProject
Global
	GlobalSection(SolutionConfigurationPlatforms) = preSolution
		Debug|Any CPU = Debug|Any CPU
		Release|Any CPU = Release|Any CPU
	EndGlobalSection
	GlobalSection(ProjectConfigurationPlatforms) = postSolution
		{EDC39804-E09C-4831-9112-C99FA65C3DCC}.Debug|Any CPU.ActiveCfg = Debug|Any CPU
		{EDC39804-E09C-4831-9112-C99FA65C3DCC}.Debug|Any CPU.Build.0 = Debug|Any CPU
		{EDC39804-E09C-4831-9112-C99FA65C3DCC}.Release|Any CPU.ActiveCfg = Release|Any CPU
		{EDC39804-E09C-4831-9112-C99FA65C3DCC}.Release|Any CPU.Build.0 = Release|Any CPU
	EndGlobalSection
	GlobalSection(SolutionProperties) = preSolution
		HideSolutionNode = FALSE
	EndGlobalSection
	GlobalSection(ExtensibilityGlobals) = postSolution
		SolutionGuid = {1C70CA0A-5D78-4C15-A85C-EA02F64EA47A}
	EndGlobalSection
EndGlobal
