
Microsoft Visual Studio Solution File, Format Version 12.00
# Visual Studio Version 17
VisualStudioVersion = 17.11.35219.272
MinimumVisualStudioVersion = 10.0.40219.1
Project("{FAE04EC0-301F-11D3-BF4B-00C04F79EFBC}") = "MyApp1", "MyApp1\MyApp1.csproj", "{41300608-D3C2-42B2-9AAA-66FFC28C922D}"
EndProject
Global
	GlobalSection(SolutionConfigurationPlatforms) = preSolution
		Debug|Any CPU = Debug|Any CPU
		Release|Any CPU = Release|Any CPU
	EndGlobalSection
	GlobalSection(ProjectConfigurationPlatforms) = postSolution
		{41300608-D3C2-42B2-9AAA-66FFC28C922D}.Debug|Any CPU.ActiveCfg = Debug|Any CPU
		{41300608-D3C2-42B2-9AAA-66FFC28C922D}.Debug|Any CPU.Build.0 = Debug|Any CPU
		{41300608-D3C2-42B2-9AAA-66FFC28C922D}.Release|Any CPU.ActiveCfg = Release|Any CPU
		{41300608-D3C2-42B2-9AAA-66FFC28C922D}.Release|Any CPU.Build.0 = Release|Any CPU
	EndGlobalSection
	GlobalSection(SolutionProperties) = preSolution
		HideSolutionNode = FALSE
	EndGlobalSection
	GlobalSection(ExtensibilityGlobals) = postSolution
		SolutionGuid = {72DB755E-1230-4C2E-B643-EBCA0E039282}
	EndGlobalSection
EndGlobal
